<?xml version="1.0" encoding="utf-8"?>
<Project ToolsVersion="4.0" xmlns="http://schemas.microsoft.com/developer/msbuild/2003">
  <ItemGroup>
    <ClCompile Include="PrintshopComparisonTool.cpp" />
    <ClCompile Include="PrintshopComparisonToolDlg.cpp" />
    <ClCompile Include="imagecompare\Imagination.cpp">
      <Filter>imagecompare</Filter>
    </ClCompile>
    <ClCompile Include="imagecompare\Intervals.cpp">
      <Filter>imagecompare</Filter>
    </ClCompile>
    <ClCompile Include="imagecompare\KMeans.cpp">
      <Filter>imagecompare</Filter>
    </ClCompile>
    <ClCompile Include="imagecompare\MatManip.cpp">
      <Filter>imagecompare</Filter>
    </ClCompile>
    <ClCompile Include="imagecompare\VzImgCmp.cpp">
      <Filter>imagecompare</Filter>
    </ClCompile>
    <ClCompile Include="mupdf\pdf.cpp">
      <Filter>mupdf</Filter>
    </ClCompile>
    <ClCompile Include="pch.cpp">
      <Filter>imaging</Filter>
    </ClCompile>
    <ClCompile Include="SG_ButtonFly.cpp">
      <Filter>imaging</Filter>
    </ClCompile>
    <ClCompile Include="utils.cpp" />
    <ClCompile Include="printcheck\align.cppm" />
    <ClCompile Include="printcheck\cv.cppm" />
    <ClCompile Include="printcheck\difference.cppm" />
    <ClCompile Include="printcheck\PrintChecker.cpp" />
    <ClCompile Include="SGInputDlg.cpp" />
    <ClCompile Include="SGPictureControl.cpp" />
    <ClCompile Include="BatchViewer.cpp" />
    <ClCompile Include="SGFileBrowse.cpp" />
    <ClCompile Include="GoogleDrive.cpp" />
  </ItemGroup>
  <ItemGroup>
    <ClInclude Include="PrintshopComparisonTool.h" />
    <ClInclude Include="PrintshopComparisonToolDlg.h" />
    <ClInclude Include="imagecompare\Imagination.hpp">
      <Filter>imagecompare</Filter>
    </ClInclude>
    <ClInclude Include="imagecompare\Intervals.hpp">
      <Filter>imagecompare</Filter>
    </ClInclude>
    <ClInclude Include="imagecompare\KMeans.hpp">
      <Filter>imagecompare</Filter>
    </ClInclude>
    <ClInclude Include="imagecompare\MatManip.hpp">
      <Filter>imagecompare</Filter>
    </ClInclude>
    <ClInclude Include="imagecompare\vz.hpp">
      <Filter>imagecompare</Filter>
    </ClInclude>
    <ClInclude Include="imagecompare\VzImgCmp.hpp">
      <Filter>imagecompare</Filter>
    </ClInclude>
    <ClInclude Include="imagecompare\vzTypes.hpp">
      <Filter>imagecompare</Filter>
    </ClInclude>
    <ClInclude Include="mupdf\pdf.hpp">
      <Filter>mupdf</Filter>
    </ClInclude>
    <ClInclude Include="3rdparty\include\opencv2\core\affine.hpp">
      <Filter>imaging</Filter>
    </ClInclude>
    <ClInclude Include="3rdparty\include\opencv2\flann\all_indices.h">
      <Filter>imaging</Filter>
    </ClInclude>
    <ClInclude Include="3rdparty\include\opencv2\dnn\all_layers.hpp">
      <Filter>imaging</Filter>
    </ClInclude>
    <ClInclude Include="3rdparty\include\opencv2\flann\allocator.h">
      <Filter>imaging</Filter>
    </ClInclude>
    <ClInclude Include="3rdparty\include\opencv2\core\utils\allocator_stats.hpp">
      <Filter>imaging</Filter>
    </ClInclude>
    <ClInclude Include="3rdparty\include\opencv2\core\utils\allocator_stats.impl.hpp">
      <Filter>imaging</Filter>
    </ClInclude>
    <ClInclude Include="3rdparty\include\mupdf\pdf\annot.h">
      <Filter>imaging</Filter>
    </ClInclude>
    <ClInclude Include="3rdparty\include\opencv2\flann\any.h">
      <Filter>imaging</Filter>
    </ClInclude>
    <ClInclude Include="3rdparty\include\mupdf\fitz\archive.h">
      <Filter>imaging</Filter>
    </ClInclude>
    <ClInclude Include="3rdparty\include\opencv2\objdetect\aruco_board.hpp">
      <Filter>imaging</Filter>
    </ClInclude>
    <ClInclude Include="3rdparty\include\opencv2\objdetect\aruco_detector.hpp">
      <Filter>imaging</Filter>
    </ClInclude>
    <ClInclude Include="3rdparty\include\opencv2\objdetect\aruco_dictionary.hpp">
      <Filter>imaging</Filter>
    </ClInclude>
    <ClInclude Include="3rdparty\include\opencv2\core\async.hpp">
      <Filter>imaging</Filter>
    </ClInclude>
    <ClInclude Include="3rdparty\include\opencv2\core\detail\async_promise.hpp">
      <Filter>imaging</Filter>
    </ClInclude>
    <ClInclude Include="3rdparty\include\opencv2\stitching\detail\autocalib.hpp">
      <Filter>imaging</Filter>
    </ClInclude>
    <ClInclude Include="3rdparty\include\opencv2\flann\autotuned_index.h">
      <Filter>imaging</Filter>
    </ClInclude>
    <ClInclude Include="3rdparty\include\opencv2\video\background_segm.hpp">
      <Filter>imaging</Filter>
    </ClInclude>
    <ClInclude Include="3rdparty\include\mupdf\fitz\band-writer.h">
      <Filter>imaging</Filter>
    </ClInclude>
    <ClInclude Include="3rdparty\include\opencv2\objdetect\barcode.hpp">
      <Filter>imaging</Filter>
    </ClInclude>
    <ClInclude Include="3rdparty\include\opencv2\core\base.hpp">
      <Filter>imaging</Filter>
    </ClInclude>
    <ClInclude Include="3rdparty\include\mupdf\fitz\bidi.h">
      <Filter>imaging</Filter>
    </ClInclude>
    <ClInclude Include="3rdparty\include\opencv2\imgproc\bindings.hpp">
      <Filter>imaging</Filter>
    </ClInclude>
    <ClInclude Include="3rdparty\include\opencv2\core\bindings_utils.hpp">
      <Filter>imaging</Filter>
    </ClInclude>
    <ClInclude Include="3rdparty\include\mupdf\fitz\bitmap.h">
      <Filter>imaging</Filter>
    </ClInclude>
    <ClInclude Include="3rdparty\include\opencv2\stitching\detail\blenders.hpp">
      <Filter>imaging</Filter>
    </ClInclude>
    <ClInclude Include="3rdparty\include\opencv2\core\cuda\block.hpp">
      <Filter>imaging</Filter>
    </ClInclude>
    <ClInclude Include="3rdparty\include\opencv2\core\cuda\border_interpolate.hpp">
      <Filter>imaging</Filter>
    </ClInclude>
    <ClInclude Include="3rdparty\include\mupdf\fitz\buffer.h">
      <Filter>imaging</Filter>
    </ClInclude>
    <ClInclude Include="3rdparty\include\opencv2\core\bufferpool.hpp">
      <Filter>imaging</Filter>
    </ClInclude>
    <ClInclude Include="3rdparty\include\opencv2\calib3d\calib3d.hpp">
      <Filter>imaging</Filter>
    </ClInclude>
    <ClInclude Include="3rdparty\include\opencv2\calib3d.hpp">
      <Filter>imaging</Filter>
    </ClInclude>
    <ClInclude Include="3rdparty\include\opencv2\calib3d\calib3d_c.h">
      <Filter>imaging</Filter>
    </ClInclude>
    <ClInclude Include="3rdparty\include\opencv2\stitching\detail\camera.hpp">
      <Filter>imaging</Filter>
    </ClInclude>
    <ClInclude Include="3rdparty\include\opencv2\videoio\cap_ios.h">
      <Filter>imaging</Filter>
    </ClInclude>
    <ClInclude Include="3rdparty\include\opencv2\objdetect\charuco_detector.hpp">
      <Filter>imaging</Filter>
    </ClInclude>
    <ClInclude Include="3rdparty\include\opencv2\core\check.hpp">
      <Filter>imaging</Filter>
    </ClInclude>
    <ClInclude Include="3rdparty\include\mupdf\pdf\clean.h">
      <Filter>imaging</Filter>
    </ClInclude>
    <ClInclude Include="3rdparty\include\mupdf\pdf\cmap.h">
      <Filter>imaging</Filter>
    </ClInclude>
    <ClInclude Include="3rdparty\include\mupdf\fitz\color.h">
      <Filter>imaging</Filter>
    </ClInclude>
    <ClInclude Include="3rdparty\include\opencv2\core\cuda\color.hpp">
      <Filter>imaging</Filter>
    </ClInclude>
    <ClInclude Include="3rdparty\include\opencv2\core\cuda\detail\color_detail.hpp">
      <Filter>imaging</Filter>
    </ClInclude>
    <ClInclude Include="3rdparty\include\opencv2\core\cuda\common.hpp">
      <Filter>imaging</Filter>
    </ClInclude>
    <ClInclude Include="3rdparty\include\opencv2\flann\composite_index.h">
      <Filter>imaging</Filter>
    </ClInclude>
    <ClInclude Include="3rdparty\include\mupdf\fitz\compress.h">
      <Filter>imaging</Filter>
    </ClInclude>
    <ClInclude Include="3rdparty\include\mupdf\fitz\compressed-buffer.h">
      <Filter>imaging</Filter>
    </ClInclude>
    <ClInclude Include="3rdparty\include\mupdf\fitz\config.h">
      <Filter>imaging</Filter>
    </ClInclude>
    <ClInclude Include="3rdparty\include\opencv2\flann\config.h">
      <Filter>imaging</Filter>
    </ClInclude>
    <ClInclude Include="3rdparty\include\opencv2\photo\legacy\constants_c.h">
      <Filter>imaging</Filter>
    </ClInclude>
    <ClInclude Include="3rdparty\include\opencv2\imgcodecs\legacy\constants_c.h">
      <Filter>imaging</Filter>
    </ClInclude>
    <ClInclude Include="3rdparty\include\opencv2\video\legacy\constants_c.h">
      <Filter>imaging</Filter>
    </ClInclude>
    <ClInclude Include="3rdparty\include\opencv2\videoio\legacy\constants_c.h">
      <Filter>imaging</Filter>
    </ClInclude>
    <ClInclude Include="3rdparty\include\mupdf\fitz\context.h">
      <Filter>imaging</Filter>
    </ClInclude>
    <ClInclude Include="3rdparty\include\opencv2\core\core.hpp">
      <Filter>imaging</Filter>
    </ClInclude>
    <ClInclude Include="3rdparty\include\opencv2\core.hpp">
      <Filter>imaging</Filter>
    </ClInclude>
    <ClInclude Include="3rdparty\include\opencv2\core\core_c.h">
      <Filter>imaging</Filter>
    </ClInclude>
    <ClInclude Include="3rdparty\include\mupdf\pdf\crypt.h">
      <Filter>imaging</Filter>
    </ClInclude>
    <ClInclude Include="3rdparty\include\mupdf\fitz\crypt.h">
      <Filter>imaging</Filter>
    </ClInclude>
    <ClInclude Include="3rdparty\include\opencv2\photo\cuda.hpp">
      <Filter>imaging</Filter>
    </ClInclude>
    <ClInclude Include="3rdparty\include\opencv2\core\cuda.hpp">
      <Filter>imaging</Filter>
    </ClInclude>
    <ClInclude Include="3rdparty\include\opencv2\core\cuda.inl.hpp">
      <Filter>imaging</Filter>
    </ClInclude>
    <ClInclude Include="3rdparty\include\opencv2\core\cuda_stream_accessor.hpp">
      <Filter>imaging</Filter>
    </ClInclude>
    <ClInclude Include="3rdparty\include\opencv2\core\cuda_types.hpp">
      <Filter>imaging</Filter>
    </ClInclude>
    <ClInclude Include="3rdparty\include\opencv2\core\cv_cpu_dispatch.h">
      <Filter>imaging</Filter>
    </ClInclude>
    <ClInclude Include="3rdparty\include\opencv2\core\cv_cpu_helper.h">
      <Filter>imaging</Filter>
    </ClInclude>
    <ClInclude Include="3rdparty\include\opencv2\cvconfig.h">
      <Filter>imaging</Filter>
    </ClInclude>
    <ClInclude Include="3rdparty\include\opencv2\core\cvdef.h">
      <Filter>imaging</Filter>
    </ClInclude>
    <ClInclude Include="3rdparty\include\opencv2\core\cvstd.hpp">
      <Filter>imaging</Filter>
    </ClInclude>
    <ClInclude Include="3rdparty\include\opencv2\core\cvstd.inl.hpp">
      <Filter>imaging</Filter>
    </ClInclude>
    <ClInclude Include="3rdparty\include\opencv2\core\cvstd_wrapper.hpp">
      <Filter>imaging</Filter>
    </ClInclude>
    <ClInclude Include="3rdparty\include\opencv2\core\cuda\datamov_utils.hpp">
      <Filter>imaging</Filter>
    </ClInclude>
    <ClInclude Include="3rdparty\include\opencv2\dnn\utils\debug_utils.hpp">
      <Filter>imaging</Filter>
    </ClInclude>
    <ClInclude Include="3rdparty\include\opencv2\flann\defines.h">
      <Filter>imaging</Filter>
    </ClInclude>
    <ClInclude Include="3rdparty\include\opencv2\objdetect\detection_based_tracker.hpp">
      <Filter>imaging</Filter>
    </ClInclude>
    <ClInclude Include="3rdparty\include\mupdf\fitz\device.h">
      <Filter>imaging</Filter>
    </ClInclude>
    <ClInclude Include="3rdparty\include\opencv2\dnn\dict.hpp">
      <Filter>imaging</Filter>
    </ClInclude>
    <ClInclude Include="3rdparty\include\opencv2\core\directx.hpp">
      <Filter>imaging</Filter>
    </ClInclude>
    <ClInclude Include="3rdparty\include\opencv2\core\detail\dispatch_helper.impl.hpp">
      <Filter>imaging</Filter>
    </ClInclude>
    <ClInclude Include="3rdparty\include\mupdf\fitz\display-list.h">
      <Filter>imaging</Filter>
    </ClInclude>
    <ClInclude Include="3rdparty\include\opencv2\flann\dist.h">
      <Filter>imaging</Filter>
    </ClInclude>
    <ClInclude Include="3rdparty\include\opencv2\dnn\dnn.hpp">
      <Filter>imaging</Filter>
    </ClInclude>
    <ClInclude Include="3rdparty\include\opencv2\dnn.hpp">
      <Filter>imaging</Filter>
    </ClInclude>
    <ClInclude Include="3rdparty\include\opencv2\dnn\dnn.inl.hpp">
      <Filter>imaging</Filter>
    </ClInclude>
    <ClInclude Include="3rdparty\include\mupdf\fitz\document.h">
      <Filter>imaging</Filter>
    </ClInclude>
    <ClInclude Include="3rdparty\include\mupdf\pdf\document.h">
      <Filter>imaging</Filter>
    </ClInclude>
    <ClInclude Include="3rdparty\include\opencv2\core\dualquaternion.hpp">
      <Filter>imaging</Filter>
    </ClInclude>
    <ClInclude Include="3rdparty\include\opencv2\core\dualquaternion.inl.hpp">
      <Filter>imaging</Filter>
    </ClInclude>
    <ClInclude Include="3rdparty\include\opencv2\flann\dummy.h">
      <Filter>imaging</Filter>
    </ClInclude>
    <ClInclude Include="3rdparty\include\opencv2\flann\dynamic_bitset.h">
      <Filter>imaging</Filter>
    </ClInclude>
    <ClInclude Include="3rdparty\include\opencv2\core\cuda\dynamic_smem.hpp">
      <Filter>imaging</Filter>
    </ClInclude>
    <ClInclude Include="3rdparty\include\opencv2\core\eigen.hpp">
      <Filter>imaging</Filter>
    </ClInclude>
    <ClInclude Include="3rdparty\include\opencv2\core\cuda\emulation.hpp">
      <Filter>imaging</Filter>
    </ClInclude>
    <ClInclude Include="3rdparty\include\mupdf\pdf\event.h">
      <Filter>imaging</Filter>
    </ClInclude>
    <ClInclude Include="3rdparty\include\opencv2\core\detail\exception_ptr.hpp">
      <Filter>imaging</Filter>
    </ClInclude>
    <ClInclude Include="3rdparty\include\mupdf\fitz\export.h">
      <Filter>imaging</Filter>
    </ClInclude>
    <ClInclude Include="3rdparty\include\opencv2\stitching\detail\exposure_compensate.hpp">
      <Filter>imaging</Filter>
    </ClInclude>
    <ClInclude Include="3rdparty\include\opencv2\objdetect\face.hpp">
      <Filter>imaging</Filter>
    </ClInclude>
    <ClInclude Include="3rdparty\include\opencv2\core\fast_math.hpp">
      <Filter>imaging</Filter>
    </ClInclude>
    <ClInclude Include="3rdparty\include\opencv2\features2d.hpp">
      <Filter>imaging</Filter>
    </ClInclude>
    <ClInclude Include="3rdparty\include\opencv2\features2d\features2d.hpp">
      <Filter>imaging</Filter>
    </ClInclude>
    <ClInclude Include="3rdparty\include\opencv2\core\utils\filesystem.hpp">
      <Filter>imaging</Filter>
    </ClInclude>
    <ClInclude Include="3rdparty\include\mupdf\fitz\filter.h">
      <Filter>imaging</Filter>
    </ClInclude>
    <ClInclude Include="3rdparty\include\opencv2\core\cuda\filters.hpp">
      <Filter>imaging</Filter>
    </ClInclude>
    <ClInclude Include="3rdparty\include\mupdf\fitz.h">
      <Filter>imaging</Filter>
    </ClInclude>
    <ClInclude Include="3rdparty\include\opencv2\flann\flann.hpp">
      <Filter>imaging</Filter>
    </ClInclude>
    <ClInclude Include="3rdparty\include\opencv2\flann.hpp">
      <Filter>imaging</Filter>
    </ClInclude>
    <ClInclude Include="3rdparty\include\opencv2\flann\flann_base.hpp">
      <Filter>imaging</Filter>
    </ClInclude>
    <ClInclude Include="3rdparty\include\mupdf\pdf\font.h">
      <Filter>imaging</Filter>
    </ClInclude>
    <ClInclude Include="3rdparty\include\mupdf\fitz\font.h">
      <Filter>imaging</Filter>
    </ClInclude>
    <ClInclude Include="3rdparty\include\mupdf\pdf\form.h">
      <Filter>imaging</Filter>
    </ClInclude>
    <ClInclude Include="3rdparty\include\opencv2\core\utils\fp_control_utils.hpp">
      <Filter>imaging</Filter>
    </ClInclude>
    <ClInclude Include="framework.h">
      <Filter>imaging</Filter>
    </ClInclude>
    <ClInclude Include="3rdparty\include\opencv2\core\cuda\funcattrib.hpp">
      <Filter>imaging</Filter>
    </ClInclude>
    <ClInclude Include="3rdparty\include\opencv2\core\cuda\functional.hpp">
      <Filter>imaging</Filter>
    </ClInclude>
    <ClInclude Include="3rdparty\include\opencv2\imgproc\detail\gcgraph.hpp">
      <Filter>imaging</Filter>
    </ClInclude>
    <ClInclude Include="3rdparty\include\opencv2\flann\general.h">
      <Filter>imaging</Filter>
    </ClInclude>
    <ClInclude Include="3rdparty\include\mupdf\fitz\geometry.h">
      <Filter>imaging</Filter>
    </ClInclude>
    <ClInclude Include="3rdparty\include\mupdf\fitz\getopt.h">
      <Filter>imaging</Filter>
    </ClInclude>
    <ClInclude Include="3rdparty\include\mupdf\fitz\glyph.h">
      <Filter>imaging</Filter>
    </ClInclude>
    <ClInclude Include="3rdparty\include\mupdf\fitz\glyph-cache.h">
      <Filter>imaging</Filter>
    </ClInclude>
    <ClInclude Include="3rdparty\include\opencv2\objdetect\graphical_code_detector.hpp">
      <Filter>imaging</Filter>
    </ClInclude>
    <ClInclude Include="3rdparty\include\opencv2\flann\ground_truth.h">
      <Filter>imaging</Filter>
    </ClInclude>
    <ClInclude Include="3rdparty\include\opencv2\imgproc\hal\hal.hpp">
      <Filter>imaging</Filter>
    </ClInclude>
    <ClInclude Include="3rdparty\include\opencv2\core\hal\hal.hpp">
      <Filter>imaging</Filter>
    </ClInclude>
    <ClInclude Include="3rdparty\include\mupdf\fitz\hash.h">
      <Filter>imaging</Filter>
    </ClInclude>
    <ClInclude Include="3rdparty\include\opencv2\flann\hdf5.h">
      <Filter>imaging</Filter>
    </ClInclude>
    <ClInclude Include="3rdparty\include\mupdf\fitz\heap.h">
      <Filter>imaging</Filter>
    </ClInclude>
    <ClInclude Include="3rdparty\include\opencv2\flann\heap.h">
      <Filter>imaging</Filter>
    </ClInclude>
    <ClInclude Include="3rdparty\include\mupdf\fitz\heap-imp.h">
      <Filter>imaging</Filter>
    </ClInclude>
    <ClInclude Include="3rdparty\include\opencv2\flann\hierarchical_clustering_index.h">
      <Filter>imaging</Filter>
    </ClInclude>
    <ClInclude Include="3rdparty\include\opencv2\highgui\highgui.hpp">
      <Filter>imaging</Filter>
    </ClInclude>
    <ClInclude Include="3rdparty\include\opencv2\highgui.hpp">
      <Filter>imaging</Filter>
    </ClInclude>
    <ClInclude Include="3rdparty\include\opencv2\highgui\highgui_c.h">
      <Filter>imaging</Filter>
    </ClInclude>
    <ClInclude Include="3rdparty\include\mupdf\html.h">
      <Filter>imaging</Filter>
    </ClInclude>
    <ClInclude Include="3rdparty\include\mupdf\fitz\image.h">
      <Filter>imaging</Filter>
    </ClInclude>
    <ClInclude Include="3rdparty\include\mupdf\pdf\image-rewriter.h">
      <Filter>imaging</Filter>
    </ClInclude>
    <ClInclude Include="3rdparty\include\opencv2\imgcodecs.hpp">
      <Filter>imaging</Filter>
    </ClInclude>
    <ClInclude Include="3rdparty\include\opencv2\imgcodecs\imgcodecs.hpp">
      <Filter>imaging</Filter>
    </ClInclude>
    <ClInclude Include="3rdparty\include\opencv2\imgcodecs\imgcodecs_c.h">
      <Filter>imaging</Filter>
    </ClInclude>
    <ClInclude Include="3rdparty\include\opencv2\imgproc\imgproc.hpp">
      <Filter>imaging</Filter>
    </ClInclude>
    <ClInclude Include="3rdparty\include\opencv2\imgproc.hpp">
      <Filter>imaging</Filter>
    </ClInclude>
    <ClInclude Include="3rdparty\include\opencv2\imgproc\imgproc_c.h">
      <Filter>imaging</Filter>
    </ClInclude>
    <ClInclude Include="3rdparty\include\opencv2\flann\index_testing.h">
      <Filter>imaging</Filter>
    </ClInclude>
    <ClInclude Include="3rdparty\include\opencv2\dnn\utils\inference_engine.hpp">
      <Filter>imaging</Filter>
    </ClInclude>
    <ClInclude Include="3rdparty\include\opencv2\core\utils\instrumentation.hpp">
      <Filter>imaging</Filter>
    </ClInclude>
    <ClInclude Include="3rdparty\include\opencv2\core\hal\interface.h">
      <Filter>imaging</Filter>
    </ClInclude>
    <ClInclude Include="3rdparty\include\opencv2\features2d\hal\interface.h">
      <Filter>imaging</Filter>
    </ClInclude>
    <ClInclude Include="3rdparty\include\opencv2\imgproc\hal\interface.h">
      <Filter>imaging</Filter>
    </ClInclude>
    <ClInclude Include="3rdparty\include\mupdf\pdf\interpret.h">
      <Filter>imaging</Filter>
    </ClInclude>
    <ClInclude Include="3rdparty\include\opencv2\core\hal\intrin.hpp">
      <Filter>imaging</Filter>
    </ClInclude>
    <ClInclude Include="3rdparty\include\opencv2\core\hal\intrin_avx.hpp">
      <Filter>imaging</Filter>
    </ClInclude>
    <ClInclude Include="3rdparty\include\opencv2\core\hal\intrin_avx512.hpp">
      <Filter>imaging</Filter>
    </ClInclude>
    <ClInclude Include="3rdparty\include\opencv2\core\hal\intrin_cpp.hpp">
      <Filter>imaging</Filter>
    </ClInclude>
    <ClInclude Include="3rdparty\include\opencv2\core\hal\intrin_forward.hpp">
      <Filter>imaging</Filter>
    </ClInclude>
    <ClInclude Include="3rdparty\include\opencv2\core\hal\intrin_lasx.hpp">
      <Filter>imaging</Filter>
    </ClInclude>
    <ClInclude Include="3rdparty\include\opencv2\core\hal\intrin_msa.hpp">
      <Filter>imaging</Filter>
    </ClInclude>
    <ClInclude Include="3rdparty\include\opencv2\core\hal\intrin_neon.hpp">
      <Filter>imaging</Filter>
    </ClInclude>
    <ClInclude Include="3rdparty\include\opencv2\core\hal\intrin_rvv.hpp">
      <Filter>imaging</Filter>
    </ClInclude>
    <ClInclude Include="3rdparty\include\opencv2\core\hal\intrin_rvv_010_compat_non-policy.hpp">
      <Filter>imaging</Filter>
    </ClInclude>
    <ClInclude Include="3rdparty\include\opencv2\core\hal\intrin_rvv_010_compat_overloaded-non-policy.hpp">
      <Filter>imaging</Filter>
    </ClInclude>
    <ClInclude Include="3rdparty\include\opencv2\core\hal\intrin_rvv_compat_overloaded.hpp">
      <Filter>imaging</Filter>
    </ClInclude>
    <ClInclude Include="3rdparty\include\opencv2\core\hal\intrin_rvv_scalable.hpp">
      <Filter>imaging</Filter>
    </ClInclude>
    <ClInclude Include="3rdparty\include\opencv2\core\hal\intrin_rvv071.hpp">
      <Filter>imaging</Filter>
    </ClInclude>
    <ClInclude Include="3rdparty\include\opencv2\core\hal\intrin_sse.hpp">
      <Filter>imaging</Filter>
    </ClInclude>
    <ClInclude Include="3rdparty\include\opencv2\core\hal\intrin_sse_em.hpp">
      <Filter>imaging</Filter>
    </ClInclude>
    <ClInclude Include="3rdparty\include\opencv2\core\hal\intrin_vsx.hpp">
      <Filter>imaging</Filter>
    </ClInclude>
    <ClInclude Include="3rdparty\include\opencv2\core\hal\intrin_wasm.hpp">
      <Filter>imaging</Filter>
    </ClInclude>
    <ClInclude Include="3rdparty\include\opencv2\imgcodecs\ios.h">
      <Filter>imaging</Filter>
    </ClInclude>
    <ClInclude Include="3rdparty\include\mupdf\pdf\javascript.h">
      <Filter>imaging</Filter>
    </ClInclude>
    <ClInclude Include="3rdparty\include\opencv2\flann\kdtree_index.h">
      <Filter>imaging</Filter>
    </ClInclude>
    <ClInclude Include="3rdparty\include\opencv2\flann\kdtree_single_index.h">
      <Filter>imaging</Filter>
    </ClInclude>
    <ClInclude Include="3rdparty\include\opencv2\flann\kmeans_index.h">
      <Filter>imaging</Filter>
    </ClInclude>
    <ClInclude Include="3rdparty\include\opencv2\dnn\layer.details.hpp">
      <Filter>imaging</Filter>
    </ClInclude>
    <ClInclude Include="3rdparty\include\opencv2\dnn\layer.hpp">
      <Filter>imaging</Filter>
    </ClInclude>
    <ClInclude Include="3rdparty\include\opencv2\core\cuda\limits.hpp">
      <Filter>imaging</Filter>
    </ClInclude>
    <ClInclude Include="3rdparty\include\opencv2\flann\linear_index.h">
      <Filter>imaging</Filter>
    </ClInclude>
    <ClInclude Include="3rdparty\include\mupdf\fitz\link.h">
      <Filter>imaging</Filter>
    </ClInclude>
    <ClInclude Include="3rdparty\include\mupdf\fitz\log.h">
      <Filter>imaging</Filter>
    </ClInclude>
    <ClInclude Include="3rdparty\include\opencv2\core\utils\logger.defines.hpp">
      <Filter>imaging</Filter>
    </ClInclude>
    <ClInclude Include="3rdparty\include\opencv2\flann\logger.h">
      <Filter>imaging</Filter>
    </ClInclude>
    <ClInclude Include="3rdparty\include\opencv2\core\utils\logger.hpp">
      <Filter>imaging</Filter>
    </ClInclude>
    <ClInclude Include="3rdparty\include\opencv2\core\utils\logtag.hpp">
      <Filter>imaging</Filter>
    </ClInclude>
    <ClInclude Include="3rdparty\include\opencv2\flann\lsh_index.h">
      <Filter>imaging</Filter>
    </ClInclude>
    <ClInclude Include="3rdparty\include\opencv2\flann\lsh_table.h">
      <Filter>imaging</Filter>
    </ClInclude>
    <ClInclude Include="3rdparty\include\opencv2\imgcodecs\macosx.h">
      <Filter>imaging</Filter>
    </ClInclude>
    <ClInclude Include="3rdparty\include\opencv2\core\mat.hpp">
      <Filter>imaging</Filter>
    </ClInclude>
    <ClInclude Include="3rdparty\include\opencv2\core\mat.inl.hpp">
      <Filter>imaging</Filter>
    </ClInclude>
    <ClInclude Include="3rdparty\include\opencv2\stitching\detail\matchers.hpp">
      <Filter>imaging</Filter>
    </ClInclude>
    <ClInclude Include="3rdparty\include\opencv2\flann\matrix.h">
      <Filter>imaging</Filter>
    </ClInclude>
    <ClInclude Include="3rdparty\include\opencv2\core\matx.hpp">
      <Filter>imaging</Filter>
    </ClInclude>
    <ClInclude Include="3rdparty\include\mupdf\memento.h">
      <Filter>imaging</Filter>
    </ClInclude>
    <ClInclude Include="3rdparty\include\opencv2\flann\miniflann.hpp">
      <Filter>imaging</Filter>
    </ClInclude>
    <ClInclude Include="3rdparty\include\opencv2\ml.hpp">
      <Filter>imaging</Filter>
    </ClInclude>
    <ClInclude Include="3rdparty\include\opencv2\ml\ml.hpp">
      <Filter>imaging</Filter>
    </ClInclude>
    <ClInclude Include="3rdparty\include\opencv2\ml\ml.inl.hpp">
      <Filter>imaging</Filter>
    </ClInclude>
    <ClInclude Include="3rdparty\include\opencv2\stitching\detail\motion_estimators.hpp">
      <Filter>imaging</Filter>
    </ClInclude>
    <ClInclude Include="3rdparty\include\opencv2\core\hal\msa_macros.h">
      <Filter>imaging</Filter>
    </ClInclude>
    <ClInclude Include="3rdparty\include\mupdf\helpers\mu-office-lib.h">
      <Filter>imaging</Filter>
    </ClInclude>
    <ClInclude Include="3rdparty\include\mupdf\helpers\mu-threads.h">
      <Filter>imaging</Filter>
    </ClInclude>
    <ClInclude Include="3rdparty\include\mupdf\pdf\name-table.h">
      <Filter>imaging</Filter>
    </ClInclude>
    <ClInclude Include="3rdparty\include\opencv2\core\neon_utils.hpp">
      <Filter>imaging</Filter>
    </ClInclude>
    <ClInclude Include="3rdparty\include\opencv2\flann\nn_index.h">
      <Filter>imaging</Filter>
    </ClInclude>
    <ClInclude Include="3rdparty\include\opencv2\objdetect.hpp">
      <Filter>imaging</Filter>
    </ClInclude>
    <ClInclude Include="3rdparty\include\opencv2\objdetect\objdetect.hpp">
      <Filter>imaging</Filter>
    </ClInclude>
    <ClInclude Include="3rdparty\include\mupdf\pdf\object.h">
      <Filter>imaging</Filter>
    </ClInclude>
    <ClInclude Include="3rdparty\include\opencv2\flann\object_factory.h">
      <Filter>imaging</Filter>
    </ClInclude>
    <ClInclude Include="3rdparty\include\opencv2\core\ocl.hpp">
      <Filter>imaging</Filter>
    </ClInclude>
    <ClInclude Include="3rdparty\include\opencv2\core\opencl\ocl_defs.hpp">
      <Filter>imaging</Filter>
    </ClInclude>
    <ClInclude Include="3rdparty\include\opencv2\core\ocl_genbase.hpp">
      <Filter>imaging</Filter>
    </ClInclude>
    <ClInclude Include="3rdparty\include\opencv2\core\opencl\runtime\opencl_clblas.hpp">
      <Filter>imaging</Filter>
    </ClInclude>
    <ClInclude Include="3rdparty\include\opencv2\core\opencl\runtime\autogenerated\opencl_clblas.hpp">
      <Filter>imaging</Filter>
    </ClInclude>
    <ClInclude Include="3rdparty\include\opencv2\core\opencl\runtime\opencl_clfft.hpp">
      <Filter>imaging</Filter>
    </ClInclude>
    <ClInclude Include="3rdparty\include\opencv2\core\opencl\runtime\autogenerated\opencl_clfft.hpp">
      <Filter>imaging</Filter>
    </ClInclude>
    <ClInclude Include="3rdparty\include\opencv2\core\opencl\runtime\autogenerated\opencl_core.hpp">
      <Filter>imaging</Filter>
    </ClInclude>
    <ClInclude Include="3rdparty\include\opencv2\core\opencl\runtime\opencl_core.hpp">
      <Filter>imaging</Filter>
    </ClInclude>
    <ClInclude Include="3rdparty\include\opencv2\core\opencl\runtime\opencl_core_wrappers.hpp">
      <Filter>imaging</Filter>
    </ClInclude>
    <ClInclude Include="3rdparty\include\opencv2\core\opencl\runtime\autogenerated\opencl_core_wrappers.hpp">
      <Filter>imaging</Filter>
    </ClInclude>
    <ClInclude Include="3rdparty\include\opencv2\core\opencl\runtime\autogenerated\opencl_gl.hpp">
      <Filter>imaging</Filter>
    </ClInclude>
    <ClInclude Include="3rdparty\include\opencv2\core\opencl\runtime\opencl_gl.hpp">
      <Filter>imaging</Filter>
    </ClInclude>
    <ClInclude Include="3rdparty\include\opencv2\core\opencl\runtime\autogenerated\opencl_gl_wrappers.hpp">
      <Filter>imaging</Filter>
    </ClInclude>
    <ClInclude Include="3rdparty\include\opencv2\core\opencl\runtime\opencl_gl_wrappers.hpp">
      <Filter>imaging</Filter>
    </ClInclude>
    <ClInclude Include="3rdparty\include\opencv2\core\opencl\opencl_info.hpp">
      <Filter>imaging</Filter>
    </ClInclude>
    <ClInclude Include="3rdparty\include\opencv2\core\opencl\opencl_svm.hpp">
      <Filter>imaging</Filter>
    </ClInclude>
    <ClInclude Include="3rdparty\include\opencv2\core\opencl\runtime\opencl_svm_20.hpp">
      <Filter>imaging</Filter>
    </ClInclude>
    <ClInclude Include="3rdparty\include\opencv2\core\opencl\runtime\opencl_svm_definitions.hpp">
      <Filter>imaging</Filter>
    </ClInclude>
    <ClInclude Include="3rdparty\include\opencv2\core\opencl\runtime\opencl_svm_hsa_extension.hpp">
      <Filter>imaging</Filter>
    </ClInclude>
    <ClInclude Include="3rdparty\include\opencv2\opencv.hpp">
      <Filter>imaging</Filter>
    </ClInclude>
    <ClInclude Include="3rdparty\include\opencv2\opencv_modules.hpp">
      <Filter>imaging</Filter>
    </ClInclude>
    <ClInclude Include="3rdparty\include\opencv2\core\opengl.hpp">
      <Filter>imaging</Filter>
    </ClInclude>
    <ClInclude Include="3rdparty\include\opencv2\core\operations.hpp">
      <Filter>imaging</Filter>
    </ClInclude>
    <ClInclude Include="3rdparty\include\opencv2\core\optim.hpp">
      <Filter>imaging</Filter>
    </ClInclude>
    <ClInclude Include="3rdparty\include\mupdf\fitz\outline.h">
      <Filter>imaging</Filter>
    </ClInclude>
    <ClInclude Include="3rdparty\include\mupdf\fitz\output.h">
      <Filter>imaging</Filter>
    </ClInclude>
    <ClInclude Include="3rdparty\include\mupdf\fitz\output-svg.h">
      <Filter>imaging</Filter>
    </ClInclude>
    <ClInclude Include="3rdparty\include\opencv2\core\ovx.hpp">
      <Filter>imaging</Filter>
    </ClInclude>
    <ClInclude Include="3rdparty\include\mupdf\pdf\page.h">
      <Filter>imaging</Filter>
    </ClInclude>
    <ClInclude Include="3rdparty\include\opencv2\core\parallel\parallel_backend.hpp">
      <Filter>imaging</Filter>
    </ClInclude>
    <ClInclude Include="3rdparty\include\opencv2\core\parallel\backend\parallel_for.openmp.hpp">
      <Filter>imaging</Filter>
    </ClInclude>
    <ClInclude Include="3rdparty\include\opencv2\core\parallel\backend\parallel_for.tbb.hpp">
      <Filter>imaging</Filter>
    </ClInclude>
    <ClInclude Include="3rdparty\include\opencv2\flann\params.h">
      <Filter>imaging</Filter>
    </ClInclude>
    <ClInclude Include="3rdparty\include\mupdf\pdf\parse.h">
      <Filter>imaging</Filter>
    </ClInclude>
    <ClInclude Include="3rdparty\include\mupdf\fitz\path.h">
      <Filter>imaging</Filter>
    </ClInclude>
    <ClInclude Include="pch.h">
      <Filter>imaging</Filter>
    </ClInclude>
    <ClInclude Include="3rdparty\include\mupdf\pdf.h">
      <Filter>imaging</Filter>
    </ClInclude>
    <ClInclude Include="3rdparty\include\opencv2\core\persistence.hpp">
      <Filter>imaging</Filter>
    </ClInclude>
    <ClInclude Include="3rdparty\include\opencv2\photo\photo.hpp">
      <Filter>imaging</Filter>
    </ClInclude>
    <ClInclude Include="3rdparty\include\opencv2\photo.hpp">
      <Filter>imaging</Filter>
    </ClInclude>
    <ClInclude Include="3rdparty\include\mupdf\fitz\pixmap.h">
      <Filter>imaging</Filter>
    </ClInclude>
    <ClInclude Include="3rdparty\include\mupdf\helpers\pkcs7-openssl.h">
      <Filter>imaging</Filter>
    </ClInclude>
    <ClInclude Include="3rdparty\include\mupdf\fitz\pool.h">
      <Filter>imaging</Filter>
    </ClInclude>
    <ClInclude Include="3rdparty\include\opencv2\core\quaternion.hpp">
      <Filter>imaging</Filter>
    </ClInclude>
    <ClInclude Include="3rdparty\include\opencv2\core\quaternion.inl.hpp">
      <Filter>imaging</Filter>
    </ClInclude>
    <ClInclude Include="3rdparty\include\opencv2\flann\random.h">
      <Filter>imaging</Filter>
    </ClInclude>
    <ClInclude Include="3rdparty\include\opencv2\core\cuda\reduce.hpp">
      <Filter>imaging</Filter>
    </ClInclude>
    <ClInclude Include="3rdparty\include\opencv2\core\cuda\detail\reduce.hpp">
      <Filter>imaging</Filter>
    </ClInclude>
    <ClInclude Include="3rdparty\include\opencv2\core\cuda\detail\reduce_key_val.hpp">
      <Filter>imaging</Filter>
    </ClInclude>
    <ClInclude Include="3rdparty\include\opencv2\videoio\registry.hpp">
      <Filter>imaging</Filter>
    </ClInclude>
    <ClInclude Include="3rdparty\include\mupdf\pdf\resource.h">
      <Filter>imaging</Filter>
    </ClInclude>
    <ClInclude Include="Resource.h">
      <Filter>imaging</Filter>
    </ClInclude>
    <ClInclude Include="3rdparty\include\opencv2\flann\result_set.h">
      <Filter>imaging</Filter>
    </ClInclude>
    <ClInclude Include="3rdparty\include\opencv2\flann\sampling.h">
      <Filter>imaging</Filter>
    </ClInclude>
    <ClInclude Include="3rdparty\include\opencv2\core\saturate.hpp">
      <Filter>imaging</Filter>
    </ClInclude>
    <ClInclude Include="3rdparty\include\opencv2\core\cuda\saturate_cast.hpp">
      <Filter>imaging</Filter>
    </ClInclude>
    <ClInclude Include="3rdparty\include\opencv2\flann\saving.h">
      <Filter>imaging</Filter>
    </ClInclude>
    <ClInclude Include="3rdparty\include\opencv2\core\cuda\scan.hpp">
      <Filter>imaging</Filter>
    </ClInclude>
    <ClInclude Include="3rdparty\include\opencv2\stitching\detail\seam_finders.hpp">
      <Filter>imaging</Filter>
    </ClInclude>
    <ClInclude Include="3rdparty\include\opencv2\imgproc\segmentation.hpp">
      <Filter>imaging</Filter>
    </ClInclude>
    <ClInclude Include="3rdparty\include\mupdf\fitz\separation.h">
      <Filter>imaging</Filter>
    </ClInclude>
    <ClInclude Include="SG_ButtonFly.h">
      <Filter>imaging</Filter>
    </ClInclude>
    <ClInclude Include="3rdparty\include\mupdf\fitz\shade.h">
      <Filter>imaging</Filter>
    </ClInclude>
    <ClInclude Include="3rdparty\include\opencv2\dnn\shape_utils.hpp">
      <Filter>imaging</Filter>
    </ClInclude>
    <ClInclude Include="3rdparty\include\opencv2\core\cuda\simd_functions.hpp">
      <Filter>imaging</Filter>
    </ClInclude>
    <ClInclude Include="3rdparty\include\opencv2\core\simd_intrinsics.hpp">
      <Filter>imaging</Filter>
    </ClInclude>
    <ClInclude Include="3rdparty\include\opencv2\core\hal\simd_utils.impl.hpp">
      <Filter>imaging</Filter>
    </ClInclude>
    <ClInclude Include="3rdparty\include\opencv2\flann\simplex_downhill.h">
      <Filter>imaging</Filter>
    </ClInclude>
    <ClInclude Include="3rdparty\include\opencv2\core\softfloat.hpp">
      <Filter>imaging</Filter>
    </ClInclude>
    <ClInclude Include="3rdparty\include\opencv2\core\sse_utils.hpp">
      <Filter>imaging</Filter>
    </ClInclude>
    <ClInclude Include="3rdparty\include\opencv2\stitching.hpp">
      <Filter>imaging</Filter>
    </ClInclude>
    <ClInclude Include="3rdparty\include\mupdf\fitz\store.h">
      <Filter>imaging</Filter>
    </ClInclude>
    <ClInclude Include="3rdparty\include\mupdf\fitz\story.h">
      <Filter>imaging</Filter>
    </ClInclude>
    <ClInclude Include="3rdparty\include\mupdf\fitz\story-writer.h">
      <Filter>imaging</Filter>
    </ClInclude>
    <ClInclude Include="3rdparty\include\mupdf\fitz\stream.h">
      <Filter>imaging</Filter>
    </ClInclude>
    <ClInclude Include="3rdparty\include\mupdf\fitz\string-util.h">
      <Filter>imaging</Filter>
    </ClInclude>
    <ClInclude Include="3rdparty\include\mupdf\fitz\structured-text.h">
      <Filter>imaging</Filter>
    </ClInclude>
    <ClInclude Include="3rdparty\include\mupdf\fitz\system.h">
      <Filter>imaging</Filter>
    </ClInclude>
    <ClInclude Include="targetver.h">
      <Filter>imaging</Filter>
    </ClInclude>
    <ClInclude Include="3rdparty\include\mupdf\fitz\text.h">
      <Filter>imaging</Filter>
    </ClInclude>
    <ClInclude Include="3rdparty\include\opencv2\stitching\detail\timelapsers.hpp">
      <Filter>imaging</Filter>
    </ClInclude>
    <ClInclude Include="3rdparty\include\opencv2\flann\timer.h">
      <Filter>imaging</Filter>
    </ClInclude>
    <ClInclude Include="3rdparty\include\opencv2\core\utils\tls.hpp">
      <Filter>imaging</Filter>
    </ClInclude>
    <ClInclude Include="3rdparty\include\opencv2\core\utils\trace.hpp">
      <Filter>imaging</Filter>
    </ClInclude>
    <ClInclude Include="3rdparty\include\opencv2\video\detail\tracking.detail.hpp">
      <Filter>imaging</Filter>
    </ClInclude>
    <ClInclude Include="3rdparty\include\opencv2\video\tracking.hpp">
      <Filter>imaging</Filter>
    </ClInclude>
    <ClInclude Include="3rdparty\include\mupdf\fitz\track-usage.h">
      <Filter>imaging</Filter>
    </ClInclude>
    <ClInclude Include="3rdparty\include\opencv2\core\traits.hpp">
      <Filter>imaging</Filter>
    </ClInclude>
    <ClInclude Include="3rdparty\include\opencv2\core\cuda\transform.hpp">
      <Filter>imaging</Filter>
    </ClInclude>
    <ClInclude Include="3rdparty\include\opencv2\core\cuda\detail\transform_detail.hpp">
      <Filter>imaging</Filter>
    </ClInclude>
    <ClInclude Include="3rdparty\include\mupdf\fitz\transition.h">
      <Filter>imaging</Filter>
    </ClInclude>
    <ClInclude Include="3rdparty\include\mupdf\fitz\tree.h">
      <Filter>imaging</Filter>
    </ClInclude>
    <ClInclude Include="3rdparty\include\opencv2\core\cuda\type_traits.hpp">
      <Filter>imaging</Filter>
    </ClInclude>
    <ClInclude Include="3rdparty\include\opencv2\core\cuda\detail\type_traits_detail.hpp">
      <Filter>imaging</Filter>
    </ClInclude>
    <ClInclude Include="3rdparty\include\mupdf\fitz\types.h">
      <Filter>imaging</Filter>
    </ClInclude>
    <ClInclude Include="3rdparty\include\opencv2\core\types.hpp">
      <Filter>imaging</Filter>
    </ClInclude>
    <ClInclude Include="3rdparty\include\opencv2\core\types_c.h">
      <Filter>imaging</Filter>
    </ClInclude>
    <ClInclude Include="3rdparty\include\opencv2\imgproc\types_c.h">
      <Filter>imaging</Filter>
    </ClInclude>
    <ClInclude Include="3rdparty\include\mupdf\ucdn.h">
      <Filter>imaging</Filter>
    </ClInclude>
    <ClInclude Include="3rdparty\include\mupdf\fitz\util.h">
      <Filter>imaging</Filter>
    </ClInclude>
    <ClInclude Include="3rdparty\include\opencv2\stitching\detail\util.hpp">
      <Filter>imaging</Filter>
    </ClInclude>
    <ClInclude Include="3rdparty\include\opencv2\stitching\detail\util_inl.hpp">
      <Filter>imaging</Filter>
    </ClInclude>
    <ClInclude Include="3rdparty\include\opencv2\core\utility.hpp">
      <Filter>imaging</Filter>
    </ClInclude>
    <ClInclude Include="3rdparty\include\opencv2\core\cuda\utility.hpp">
      <Filter>imaging</Filter>
    </ClInclude>
    <ClInclude Include="3rdparty\include\opencv2\core\va_intel.hpp">
      <Filter>imaging</Filter>
    </ClInclude>
    <ClInclude Include="3rdparty\include\opencv2\core\cuda\vec_distance.hpp">
      <Filter>imaging</Filter>
    </ClInclude>
    <ClInclude Include="3rdparty\include\opencv2\core\cuda\detail\vec_distance_detail.hpp">
      <Filter>imaging</Filter>
    </ClInclude>
    <ClInclude Include="3rdparty\include\opencv2\core\cuda\vec_math.hpp">
      <Filter>imaging</Filter>
    </ClInclude>
    <ClInclude Include="3rdparty\include\opencv2\core\cuda\vec_traits.hpp">
      <Filter>imaging</Filter>
    </ClInclude>
    <ClInclude Include="3rdparty\include\mupdf\fitz\version.h">
      <Filter>imaging</Filter>
    </ClInclude>
    <ClInclude Include="3rdparty\include\opencv2\dnn\version.hpp">
      <Filter>imaging</Filter>
    </ClInclude>
    <ClInclude Include="3rdparty\include\opencv2\core\version.hpp">
      <Filter>imaging</Filter>
    </ClInclude>
    <ClInclude Include="3rdparty\include\opencv2\video.hpp">
      <Filter>imaging</Filter>
    </ClInclude>
    <ClInclude Include="3rdparty\include\opencv2\video\video.hpp">
      <Filter>imaging</Filter>
    </ClInclude>
    <ClInclude Include="3rdparty\include\opencv2\videoio.hpp">
      <Filter>imaging</Filter>
    </ClInclude>
    <ClInclude Include="3rdparty\include\opencv2\videoio\videoio.hpp">
      <Filter>imaging</Filter>
    </ClInclude>
    <ClInclude Include="3rdparty\include\opencv2\videoio\videoio_c.h">
      <Filter>imaging</Filter>
    </ClInclude>
    <ClInclude Include="3rdparty\include\opencv2\core\vsx_utils.hpp">
      <Filter>imaging</Filter>
    </ClInclude>
    <ClInclude Include="3rdparty\include\opencv2\core\cuda\warp.hpp">
      <Filter>imaging</Filter>
    </ClInclude>
    <ClInclude Include="3rdparty\include\opencv2\core\cuda\warp_reduce.hpp">
      <Filter>imaging</Filter>
    </ClInclude>
    <ClInclude Include="3rdparty\include\opencv2\core\cuda\warp_shuffle.hpp">
      <Filter>imaging</Filter>
    </ClInclude>
    <ClInclude Include="3rdparty\include\opencv2\stitching\warpers.hpp">
      <Filter>imaging</Filter>
    </ClInclude>
    <ClInclude Include="3rdparty\include\opencv2\stitching\detail\warpers.hpp">
      <Filter>imaging</Filter>
    </ClInclude>
    <ClInclude Include="3rdparty\include\opencv2\stitching\detail\warpers_inl.hpp">
      <Filter>imaging</Filter>
    </ClInclude>
    <ClInclude Include="3rdparty\include\mupdf\fitz\write-pixmap.h">
      <Filter>imaging</Filter>
    </ClInclude>
    <ClInclude Include="3rdparty\include\mupdf\fitz\writer.h">
      <Filter>imaging</Filter>
    </ClInclude>
    <ClInclude Include="3rdparty\include\mupdf\fitz\xml.h">
      <Filter>imaging</Filter>
    </ClInclude>
    <ClInclude Include="3rdparty\include\mupdf\pdf\xref.h">
      <Filter>imaging</Filter>
    </ClInclude>
    <ClInclude Include="utils.h" />
    <ClInclude Include="printcheck\PrintChecker.hpp" />
    <ClInclude Include="SGInputDlg.h" />
    <ClInclude Include="SGPictureControl.h" />
    <ClInclude Include="res\version.h" />
    <ClInclude Include="constants.h" />
    <ClInclude Include="BatchViewer.h" />
    <ClInclude Include="SGFileBrowse.h" />
    <ClInclude Include="GoogleDrive.h" />
  </ItemGroup>
  <ItemGroup>
    <ResourceCompile Include="PrintshopComparisonTool.rc" />
  </ItemGroup>
  <ItemGroup>
    <Image Include="res\PrintshopComparisonTool.ico" />
    <Image Include="res\Splsh24.bmp">
      <Filter>imaging</Filter>
    </Image>
    <Image Include="res\orig.png" />
    <Image Include="res\scan.png" />
    <Image Include="res\proc.png" />
    <Image Include="res\settings.png" />
    <Image Include="res\batch.png" />
    <Image Include="res\play.png" />
    <Image Include="res\stop.png" />
  </ItemGroup>
  <ItemGroup>
    <None Include="res\PrintshopComparisonTool.rc2" />
  </ItemGroup>
  <ItemGroup>
    <Filter Include="imagecompare">
      <UniqueIdentifier>{364bfe7c-97d2-40d5-8f63-244223be994e}</UniqueIdentifier>
    </Filter>
    <Filter Include="mupdf">
      <UniqueIdentifier>{634a8e62-cf83-49c1-8b30-8ec8dadd7903}</UniqueIdentifier>
    </Filter>
    <Filter Include="imaging">
      <UniqueIdentifier>{8024cc36-5518-4150-adc1-ce7cdebc3e27}</UniqueIdentifier>
    </Filter>
  </ItemGroup>
</Project>